// !$*UTF8*$!
{
	archiveVersion = 1;
	classes = {
	};
	objectVersion = 50;
	objects = {

/* Begin PBXBuildFile section */
		E302FF7D226507F60023F1B2 /* AppDelegate.swift in Sources */ = {isa = PBXBuildFile; fileRef = E302FF7C226507F60023F1B2 /* AppDelegate.swift */; };
		E302FF7F226507F60023F1B2 /* ViewController.swift in Sources */ = {isa = PBXBuildFile; fileRef = E302FF7E226507F60023F1B2 /* ViewController.swift */; };
		E302FF82226507F60023F1B2 /* Main.storyboard in Resources */ = {isa = PBXBuildFile; fileRef = E302FF80226507F60023F1B2 /* Main.storyboard */; };
		E302FF85226507F60023F1B2 /* RegistroCursos.xcdatamodeld in Sources */ = {isa = PBXBuildFile; fileRef = E302FF83226507F60023F1B2 /* RegistroCursos.xcdatamodeld */; };
		E302FF87226507F90023F1B2 /* Assets.xcassets in Resources */ = {isa = PBXBuildFile; fileRef = E302FF86226507F90023F1B2 /* Assets.xcassets */; };
		E302FF8A226507F90023F1B2 /* LaunchScreen.storyboard in Resources */ = {isa = PBXBuildFile; fileRef = E302FF88226507F90023F1B2 /* LaunchScreen.storyboard */; };
		E302FF922265146D0023F1B2 /* CrearCursoViewController.swift in Sources */ = {isa = PBXBuildFile; fileRef = E302FF912265146D0023F1B2 /* CrearCursoViewController.swift */; };
		E302FF9422652C860023F1B2 /* CursoSeleccionadoViewController.swift in Sources */ = {isa = PBXBuildFile; fileRef = E302FF9322652C860023F1B2 /* CursoSeleccionadoViewController.swift */; };
/* End PBXBuildFile section */

/* Begin PBXFileReference section */
		E302FF79226507F60023F1B2 /* RegistroCursos.app */ = {isa = PBXFileReference; explicitFileType = wrapper.application; includeInIndex = 0; path = RegistroCursos.app; sourceTree = BUILT_PRODUCTS_DIR; };
		E302FF7C226507F60023F1B2 /* AppDelegate.swift */ = {isa = PBXFileReference; lastKnownFileType = sourcecode.swift; path = AppDelegate.swift; sourceTree = "<group>"; };
		E302FF7E226507F60023F1B2 /* ViewController.swift */ = {isa = PBXFileReference; lastKnownFileType = sourcecode.swift; path = ViewController.swift; sourceTree = "<group>"; };
		E302FF81226507F60023F1B2 /* Base */ = {isa = PBXFileReference; lastKnownFileType = file.storyboard; name = Base; path = Base.lproj/Main.storyboard; sourceTree = "<group>"; };
		E302FF84226507F60023F1B2 /* RegistroCursos.xcdatamodel */ = {isa = PBXFileReference; lastKnownFileType = wrapper.xcdatamodel; path = RegistroCursos.xcdatamodel; sourceTree = "<group>"; };
		E302FF86226507F90023F1B2 /* Assets.xcassets */ = {isa = PBXFileReference; lastKnownFileType = folder.assetcatalog; path = Assets.xcassets; sourceTree = "<group>"; };
		E302FF89226507F90023F1B2 /* Base */ = {isa = PBXFileReference; lastKnownFileType = file.storyboard; name = Base; path = Base.lproj/LaunchScreen.storyboard; sourceTree = "<group>"; };
		E302FF8B226507F90023F1B2 /* Info.plist */ = {isa = PBXFileReference; lastKnownFileType = text.plist.xml; path = Info.plist; sourceTree = "<group>"; };
		E302FF912265146D0023F1B2 /* CrearCursoViewController.swift */ = {isa = PBXFileReference; lastKnownFileType = sourcecode.swift; path = CrearCursoViewController.swift; sourceTree = "<group>"; };
		E302FF9322652C860023F1B2 /* CursoSeleccionadoViewController.swift */ = {isa = PBXFileReference; lastKnownFileType = sourcecode.swift; path = CursoSeleccionadoViewController.swift; sourceTree = "<group>"; };
/* End PBXFileReference section */

/* Begin PBXFrameworksBuildPhase section */
		E302FF76226507F60023F1B2 /* Frameworks */ = {
			isa = PBXFrameworksBuildPhase;
			buildActionMask = 2147483647;
			files = (
			);
			runOnlyForDeploymentPostprocessing = 0;
		};
/* End PBXFrameworksBuildPhase section */

/* Begin PBXGroup section */
		E302FF70226507F60023F1B2 = {
			isa = PBXGroup;
			children = (
				E302FF7B226507F60023F1B2 /* RegistroCursos */,
				E302FF7A226507F60023F1B2 /* Products */,
			);
			sourceTree = "<group>";
		};
		E302FF7A226507F60023F1B2 /* Products */ = {
			isa = PBXGroup;
			children = (
				E302FF79226507F60023F1B2 /* RegistroCursos.app */,
			);
			name = Products;
			sourceTree = "<group>";
		};
		E302FF7B226507F60023F1B2 /* RegistroCursos */ = {
			isa = PBXGroup;
			children = (
				E302FF7C226507F60023F1B2 /* AppDelegate.swift */,
				E302FF7E226507F60023F1B2 /* ViewController.swift */,
				E302FF80226507F60023F1B2 /* Main.storyboard */,
				E302FF9322652C860023F1B2 /* CursoSeleccionadoViewController.swift */,
				E302FF912265146D0023F1B2 /* CrearCursoViewController.swift */,
				E302FF86226507F90023F1B2 /* Assets.xcassets */,
				E302FF88226507F90023F1B2 /* LaunchScreen.storyboard */,
				E302FF8B226507F90023F1B2 /* Info.plist */,
				E302FF83226507F60023F1B2 /* RegistroCursos.xcdatamodeld */,
			);
			path = RegistroCursos;
			sourceTree = "<group>";
		};
/* End PBXGroup section */

/* Begin PBXNativeTarget section */
		E302FF78226507F60023F1B2 /* RegistroCursos */ = {
			isa = PBXNativeTarget;
			buildConfigurationList = E302FF8E226507F90023F1B2 /* Build configuration list for PBXNativeTarget "RegistroCursos" */;
			buildPhases = (
				E302FF75226507F60023F1B2 /* Sources */,
				E302FF76226507F60023F1B2 /* Frameworks */,
				E302FF77226507F60023F1B2 /* Resources */,
			);
			buildRules = (
			);
			dependencies = (
			);
			name = RegistroCursos;
			productName = RegistroCursos;
			productReference = E302FF79226507F60023F1B2 /* RegistroCursos.app */;
			productType = "com.apple.product-type.application";
		};
/* End PBXNativeTarget section */

/* Begin PBXProject section */
		E302FF71226507F60023F1B2 /* Project object */ = {
			isa = PBXProject;
			attributes = {
				LastSwiftUpdateCheck = 1010;
				LastUpgradeCheck = 1010;
				ORGANIZATIONNAME = Tecsup;
				TargetAttributes = {
					E302FF78226507F60023F1B2 = {
						CreatedOnToolsVersion = 10.1;
					};
				};
			};
			buildConfigurationList = E302FF74226507F60023F1B2 /* Build configuration list for PBXProject "RegistroCursos" */;
			compatibilityVersion = "Xcode 9.3";
			developmentRegion = en;
			hasScannedForEncodings = 0;
			knownRegions = (
				en,
				Base,
			);
			mainGroup = E302FF70226507F60023F1B2;
			productRefGroup = E302FF7A226507F60023F1B2 /* Products */;
			projectDirPath = "";
			projectRoot = "";
			targets = (
				E302FF78226507F60023F1B2 /* RegistroCursos */,
			);
		};
/* End PBXProject section */

/* Begin PBXResourcesBuildPhase section */
		E302FF77226507F60023F1B2 /* Resources */ = {
			isa = PBXResourcesBuildPhase;
			buildActionMask = 2147483647;
			files = (
				E302FF8A226507F90023F1B2 /* LaunchScreen.storyboard in Resources */,
				E302FF87226507F90023F1B2 /* Assets.xcassets in Resources */,
				E302FF82226507F60023F1B2 /* Main.storyboard in Resources */,
			);
			runOnlyForDeploymentPostprocessing = 0;
		};
/* End PBXResourcesBuildPhase section */

/* Begin PBXSourcesBuildPhase section */
		E302FF75226507F60023F1B2 /* Sources */ = {
			isa = PBXSourcesBuildPhase;
			buildActionMask = 2147483647;
			files = (
				E302FF85226507F60023F1B2 /* RegistroCursos.xcdatamodeld in Sources */,
				E302FF9422652C860023F1B2 /* CursoSeleccionadoViewController.swift in Sources */,
				E302FF922265146D0023F1B2 /* CrearCursoViewController.swift in Sources */,
				E302FF7F226507F60023F1B2 /* ViewController.swift in Sources */,
				E302FF7D226507F60023F1B2 /* AppDelegate.swift in Sources */,
			);
			runOnlyForDeploymentPostprocessing = 0;
		};
/* End PBXSourcesBuildPhase section */

/* Begin PBXVariantGroup section */
		E302FF80226507F60023F1B2 /* Main.storyboard */ = {
			isa = PBXVariantGroup;
			children = (
				E302FF81226507F60023F1B2 /* Base */,
			);
			name = Main.storyboard;
			sourceTree = "<group>";
		};
		E302FF88226507F90023F1B2 /* LaunchScreen.storyboard */ = {
			isa = PBXVariantGroup;
			children = (
				E302FF89226507F90023F1B2 /* Base */,
			);
			name = LaunchScreen.storyboard;
			sourceTree = "<group>";
		};
/* End PBXVariantGroup section */

/* Begin XCBuildConfiguration section */
		E302FF8C226507F90023F1B2 /* Debug */ = {
			isa = XCBuildConfiguration;
			buildSettings = {
				ALWAYS_SEARCH_USER_PATHS = NO;
				CLANG_ANALYZER_NONNULL = YES;
				CLANG_ANALYZER_NUMBER_OBJECT_CONVERSION = YES_AGGRESSIVE;
				CLANG_CXX_LANGUAGE_STANDARD = "gnu++14";
				CLANG_CXX_LIBRARY = "libc++";
				CLANG_ENABLE_MODULES = YES;
				CLANG_ENABLE_OBJC_ARC = YES;
				CLANG_ENABLE_OBJC_WEAK = YES;
				CLANG_WARN_BLOCK_CAPTURE_AUTORELEASING = YES;
				CLANG_WARN_BOOL_CONVERSION = YES;
				CLANG_WARN_COMMA = YES;
				CLANG_WARN_CONSTANT_CONVERSION = YES;
				CLANG_WARN_DEPRECATED_OBJC_IMPLEMENTATIONS = YES;
				CLANG_WARN_DIRECT_OBJC_ISA_USAGE = YES_ERROR;
				CLANG_WARN_DOCUMENTATION_COMMENTS = YES;
				CLANG_WARN_EMPTY_BODY = YES;
				CLANG_WARN_ENUM_CONVERSION = YES;
				CLANG_WARN_INFINITE_RECURSION = YES;
				CLANG_WARN_INT_CONVERSION = YES;
				CLANG_WARN_NON_LITERAL_NULL_CONVERSION = YES;
				CLANG_WARN_OBJC_IMPLICIT_RETAIN_SELF = YES;
				CLANG_WARN_OBJC_LITERAL_CONVERSION = YES;
				CLANG_WARN_OBJC_ROOT_CLASS = YES_ERROR;
				CLANG_WARN_RANGE_LOOP_ANALYSIS = YES;
				CLANG_WARN_STRICT_PROTOTYPES = YES;
				CLANG_WARN_SUSPICIOUS_MOVE = YES;
				CLANG_WARN_UNGUARDED_AVAILABILITY = YES_AGGRESSIVE;
				CLANG_WARN_UNREACHABLE_CODE = YES;
				CLANG_WARN__DUPLICATE_METHOD_MATCH = YES;
				CODE_SIGN_IDENTITY = "iPhone Developer";
				COPY_PHASE_STRIP = NO;
				DEBUG_INFORMATION_FORMAT = dwarf;
				ENABLE_STRICT_OBJC_MSGSEND = YES;
				ENABLE_TESTABILITY = YES;
				GCC_C_LANGUAGE_STANDARD = gnu11;
				GCC_DYNAMIC_NO_PIC = NO;
				GCC_NO_COMMON_BLOCKS = YES;
				GCC_OPTIMIZATION_LEVEL = 0;
				GCC_PREPROCESSOR_DEFINITIONS = (
					"DEBUG=1",
					"$(inherited)",
				);
				GCC_WARN_64_TO_32_BIT_CONVERSION = YES;
				GCC_WARN_ABOUT_RETURN_TYPE = YES_ERROR;
				GCC_WARN_UNDECLARED_SELECTOR = YES;
				GCC_WARN_UNINITIALIZED_AUTOS = YES_AGGRESSIVE;
				GCC_WARN_UNUSED_FUNCTION = YES;
				GCC_WARN_UNUSED_VARIABLE = YES;
				IPHONEOS_DEPLOYMENT_TARGET = 12.1;
				MTL_ENABLE_DEBUG_INFO = INCLUDE_SOURCE;
				MTL_FAST_MATH = YES;
				ONLY_ACTIVE_ARCH = YES;
				SDKROOT = iphoneos;
				SWIFT_ACTIVE_COMPILATION_CONDITIONS = DEBUG;
				SWIFT_OPTIMIZATION_LEVEL = "-Onone";
			};
			name = Debug;
		};
		E302FF8D226507F90023F1B2 /* Release */ = {
			isa = XCBuildConfiguration;
			buildSettings = {
				ALWAYS_SEARCH_USER_PATHS = NO;
				CLANG_ANALYZER_NONNULL = YES;
				CLANG_ANALYZER_NUMBER_OBJECT_CONVERSION = YES_AGGRESSIVE;
				CLANG_CXX_LANGUAGE_STANDARD = "gnu++14";
				CLANG_CXX_LIBRARY = "libc++";
				CLANG_ENABLE_MODULES = YES;
				CLANG_ENABLE_OBJC_ARC = YES;
				CLANG_ENABLE_OBJC_WEAK = YES;
				CLANG_WARN_BLOCK_CAPTURE_AUTORELEASING = YES;
				CLANG_WARN_BOOL_CONVERSION = YES;
				CLANG_WARN_COMMA = YES;
				CLANG_WARN_CONSTANT_CONVERSION = YES;
				CLANG_WARN_DEPRECATED_OBJC_IMPLEMENTATIONS = YES;
				CLANG_WARN_DIRECT_OBJC_ISA_USAGE = YES_ERROR;
				CLANG_WARN_DOCUMENTATION_COMMENTS = YES;
				CLANG_WARN_EMPTY_BODY = YES;
				CLANG_WARN_ENUM_CONVERSION = YES;
				CLANG_WARN_INFINITE_RECURSION = YES;
				CLANG_WARN_INT_CONVERSION = YES;
				CLANG_WARN_NON_LITERAL_NULL_CONVERSION = YES;
				CLANG_WARN_OBJC_IMPLICIT_RETAIN_SELF = YES;
				CLANG_WARN_OBJC_LITERAL_CONVERSION = YES;
				CLANG_WARN_OBJC_ROOT_CLASS = YES_ERROR;
				CLANG_WARN_RANGE_LOOP_ANALYSIS = YES;
				CLANG_WARN_STRICT_PROTOTYPES = YES;
				CLANG_WARN_SUSPICIOUS_MOVE = YES;
				CLANG_WARN_UNGUARDED_AVAILABILITY = YES_AGGRESSIVE;
				CLANG_WARN_UNREACHABLE_CODE = YES;
				CLANG_WARN__DUPLICATE_METHOD_MATCH = YES;
				CODE_SIGN_IDENTITY = "iPhone Developer";
				COPY_PHASE_STRIP = NO;
				DEBUG_INFORMATION_FORMAT = "dwarf-with-dsym";
				ENABLE_NS_ASSERTIONS = NO;
				ENABLE_STRICT_OBJC_MSGSEND = YES;
				GCC_C_LANGUAGE_STANDARD = gnu11;
				GCC_NO_COMMON_BLOCKS = YES;
				GCC_WARN_64_TO_32_BIT_CONVERSION = YES;
				GCC_WARN_ABOUT_RETURN_TYPE = YES_ERROR;
				GCC_WARN_UNDECLARED_SELECTOR = YES;
				GCC_WARN_UNINITIALIZED_AUTOS = YES_AGGRESSIVE;
				GCC_WARN_UNUSED_FUNCTION = YES;
				GCC_WARN_UNUSED_VARIABLE = YES;
				IPHONEOS_DEPLOYMENT_TARGET = 12.1;
				MTL_ENABLE_DEBUG_INFO = NO;
				MTL_FAST_MATH = YES;
				SDKROOT = iphoneos;
				SWIFT_COMPILATION_MODE = wholemodule;
				SWIFT_OPTIMIZATION_LEVEL = "-O";
				VALIDATE_PRODUCT = YES;
			};
			name = Release;
		};
		E302FF8F226507F90023F1B2 /* Debug */ = {
			isa = XCBuildConfiguration;
			buildSettings = {
				ASSETCATALOG_COMPILER_APPICON_NAME = AppIcon;
				CODE_SIGN_STYLE = Automatic;
				DEVELOPMENT_TEAM = VACTTZKVP5;
				INFOPLIST_FILE = RegistroCursos/Info.plist;
				LD_RUNPATH_SEARCH_PATHS = (
					"$(inherited)",
					"@executable_path/Frameworks",
				);
				PRODUCT_BUNDLE_IDENTIFIER = com.jrivera.RegistroCursos;
				PRODUCT_NAME = "$(TARGET_NAME)";
				SWIFT_VERSION = 4.2;
				TARGETED_DEVICE_FAMILY = "1,2";
			};
			name = Debug;
		};
		E302FF90226507F90023F1B2 /* Release */ = {
			isa = XCBuildConfiguration;
			buildSettings = {
				ASSETCATALOG_COMPILER_APPICON_NAME = AppIcon;
				CODE_SIGN_STYLE = Automatic;
				DEVELOPMENT_TEAM = VACTTZKVP5;
				INFOPLIST_FILE = RegistroCursos/Info.plist;
				LD_RUNPATH_SEARCH_PATHS = (
					"$(inherited)",
					"@executable_path/Frameworks",
				);
				PRODUCT_BUNDLE_IDENTIFIER = com.jrivera.RegistroCursos;
				PRODUCT_NAME = "$(TARGET_NAME)";
				SWIFT_VERSION = 4.2;
				TARGETED_DEVICE_FAMILY = "1,2";
			};
			name = Release;
		};
/* End XCBuildConfiguration section */

/* Begin XCConfigurationList section */
		E302FF74226507F60023F1B2 /* Build configuration list for PBXProject "RegistroCursos" */ = {
			isa = XCConfigurationList;
			buildConfigurations = (
				E302FF8C226507F90023F1B2 /* Debug */,
				E302FF8D226507F90023F1B2 /* Release */,
			);
			defaultConfigurationIsVisible = 0;
			defaultConfigurationName = Release;
		};
		E302FF8E226507F90023F1B2 /* Build configuration list for PBXNativeTarget "RegistroCursos" */ = {
			isa = XCConfigurationList;
			buildConfigurations = (
				E302FF8F226507F90023F1B2 /* Debug */,
				E302FF90226507F90023F1B2 /* Release */,
			);
			defaultConfigurationIsVisible = 0;
			defaultConfigurationName = Release;
		};
/* End XCConfigurationList section */

/* Begin XCVersionGroup section */
		E302FF83226507F60023F1B2 /* RegistroCursos.xcdatamodeld */ = {
			isa = XCVersionGroup;
			children = (
				E302FF84226507F60023F1B2 /* RegistroCursos.xcdatamodel */,
			);
			currentVersion = E302FF84226507F60023F1B2 /* RegistroCursos.xcdatamodel */;
			path = RegistroCursos.xcdatamodeld;
			sourceTree = "<group>";
			versionGroupType = wrapper.xcdatamodel;
		};
/* End XCVersionGroup section */
	};
	rootObject = E302FF71226507F60023F1B2 /* Project object */;
}
